
Microsoft Visual Studio Solution File, Format Version 12.00
# Visual Studio 15
Project("{FAE04EC0-301F-11D3-BF4B-00C04F79EFBC}") = "Shopping", "ShoppingWithDB\Shopping.csproj", "{373C85FC-CB53-4B43-A279-318CA4A0879D}"
EndProject
Project("{FAE04EC0-301F-11D3-BF4B-00C04F79EFBC}") = "Shopping.Business", "Shopping.Business\Shopping.Business.csproj", "{9571BC7D-D0A3-44DC-92BF-B206A4D77C67}"
EndProject
Global
	GlobalSection(SolutionConfigurationPlatforms) = preSolution
		Debug|anycpu = Debug|anycpu
		Release|anycpu = Release|anycpu
	EndGlobalSection
	GlobalSection(ProjectConfigurationPlatforms) = postSolution
		{373C85FC-CB53-4B43-A279-318CA4A0879D}.Debug|anycpu.ActiveCfg = Debug|anycpu
		{373C85FC-CB53-4B43-A279-318CA4A0879D}.Debug|anycpu.Build.0 = Debug|anycpu
		{373C85FC-CB53-4B43-A279-318CA4A0879D}.Release|anycpu.ActiveCfg = Release|anycpu
		{373C85FC-CB53-4B43-A279-318CA4A0879D}.Release|anycpu.Build.0 = Release|anycpu
		{9571BC7D-D0A3-44DC-92BF-B206A4D77C67}.Debug|anycpu.ActiveCfg = Debug|Any CPU
		{9571BC7D-D0A3-44DC-92BF-B206A4D77C67}.Debug|anycpu.Build.0 = Debug|Any CPU
		{9571BC7D-D0A3-44DC-92BF-B206A4D77C67}.Release|anycpu.ActiveCfg = Release|Any CPU
		{9571BC7D-D0A3-44DC-92BF-B206A4D77C67}.Release|anycpu.Build.0 = Release|Any CPU
	EndGlobalSection
EndGlobal
